# This file is automatically @generated by Cargo.
# It is not intended for manual editing.
version = 3

[[package]]
name = "ac_2019_01"
version = "0.1.0"
dependencies = [
 "advent_of_code_util",
 "itertools",
]

[[package]]
name = "ac_2020_1"
version = "0.1.0"
dependencies = [
 "advent_of_code_util",
]

[[package]]
name = "ac_2020_10"
version = "0.1.0"
dependencies = [
 "advent_of_code_util",
]

[[package]]
name = "ac_2020_2"
version = "0.1.0"
dependencies = [
 "advent_of_code_util",
 "itertools",
]

[[package]]
name = "ac_2020_3"
version = "0.1.0"
dependencies = [
 "advent_of_code_util",
]

[[package]]
name = "ac_2020_4"
version = "0.1.0"
dependencies = [
 "advent_of_code_util",
 "itertools",
 "regex",
]

[[package]]
name = "ac_2020_5"
version = "0.1.0"
dependencies = [
 "advent_of_code_util",
]

[[package]]
name = "ac_2020_6"
version = "0.1.0"
dependencies = [
 "advent_of_code_util",
]

[[package]]
name = "ac_2020_7"
version = "0.1.0"
dependencies = [
 "advent_of_code_util",
 "itertools",
]

[[package]]
name = "ac_2020_8"
version = "0.1.0"
dependencies = [
 "advent_of_code_util",
 "itertools",
]

[[package]]
name = "ac_2020_9"
version = "0.1.0"
dependencies = [
 "advent_of_code_util",
]

[[package]]
name = "ac_2021_1"
version = "0.1.0"
dependencies = [
 "advent_of_code_util",
]

[[package]]
name = "ac_2021_10"
version = "0.1.0"
dependencies = [
 "advent_of_code_util",
]

[[package]]
name = "ac_2021_11"
version = "0.1.0"
dependencies = [
 "advent_of_code_util",
]

[[package]]
name = "ac_2021_12"
version = "0.1.0"
dependencies = [
 "advent_of_code_util",
 "itertools",
]

[[package]]
name = "ac_2021_13"
version = "0.1.0"
dependencies = [
 "advent_of_code_util",
 "itertools",
]

[[package]]
name = "ac_2021_14"
version = "0.1.0"
dependencies = [
 "advent_of_code_util",
 "itertools",
]

[[package]]
name = "ac_2021_15"
version = "0.1.0"
dependencies = [
 "advent_of_code_util",
]

[[package]]
name = "ac_2021_16"
version = "0.1.0"
dependencies = [
 "advent_of_code_util",
 "itertools",
]

[[package]]
name = "ac_2021_17"
version = "0.1.0"
dependencies = [
 "advent_of_code_util",
 "itertools",
]

[[package]]
name = "ac_2021_18"
version = "0.1.0"
dependencies = [
 "advent_of_code_util",
 "itertools",
]

[[package]]
name = "ac_2021_2"
version = "0.1.0"
dependencies = [
 "advent_of_code_util",
]

[[package]]
name = "ac_2021_3"
version = "0.1.0"
dependencies = [
 "advent_of_code_util",
]

[[package]]
name = "ac_2021_4"
version = "0.1.0"
dependencies = [
 "advent_of_code_util",
]

[[package]]
name = "ac_2021_5"
version = "0.1.0"
dependencies = [
 "advent_of_code_util",
]

[[package]]
name = "ac_2021_6"
version = "0.1.0"
dependencies = [
 "advent_of_code_util",
]

[[package]]
name = "ac_2021_7"
version = "0.1.0"
dependencies = [
 "advent_of_code_util",
]

[[package]]
name = "ac_2021_8"
version = "0.1.0"
dependencies = [
 "advent_of_code_util",
]

[[package]]
name = "ac_2021_9"
version = "0.1.0"
dependencies = [
 "advent_of_code_util",
]

[[package]]
name = "ac_2022_1"
version = "0.1.0"
dependencies = [
 "advent_of_code_util",
 "itertools",
]

[[package]]
name = "ac_2022_10"
version = "0.1.0"
dependencies = [
 "advent_of_code_util",
 "itertools",
]

[[package]]
name = "ac_2022_11"
version = "0.1.0"
dependencies = [
 "advent_of_code_util",
 "itertools",
]

[[package]]
name = "ac_2022_12"
version = "0.1.0"
dependencies = [
 "advent_of_code_util",
 "itertools",
]

[[package]]
name = "ac_2022_13"
version = "0.1.0"
dependencies = [
 "advent_of_code_util",
 "itertools",
 "serde",
 "serde_json",
]

[[package]]
name = "ac_2022_14"
version = "0.1.0"
dependencies = [
 "advent_of_code_util",
 "itertools",
]

[[package]]
name = "ac_2022_15"
version = "0.1.0"
dependencies = [
 "advent_of_code_util",
 "itertools",
 "regex",
]

[[package]]
name = "ac_2022_16"
version = "0.1.0"
dependencies = [
 "advent_of_code_util",
 "itertools",
 "regex",
]

[[package]]
name = "ac_2022_17"
version = "0.1.0"
dependencies = [
 "advent_of_code_util",
 "itertools",
]

[[package]]
name = "ac_2022_2"
version = "0.1.0"
dependencies = [
 "advent_of_code_util",
 "itertools",
]

[[package]]
name = "ac_2022_3"
version = "0.1.0"
dependencies = [
 "advent_of_code_util",
 "itertools",
]

[[package]]
name = "ac_2022_4"
version = "0.1.0"
dependencies = [
 "advent_of_code_util",
 "itertools",
]

[[package]]
name = "ac_2022_5"
version = "0.1.0"
dependencies = [
 "advent_of_code_util",
 "itertools",
]

[[package]]
name = "ac_2022_6"
version = "0.1.0"
dependencies = [
 "advent_of_code_util",
 "itertools",
]

[[package]]
name = "ac_2022_7"
version = "0.1.0"
dependencies = [
 "advent_of_code_util",
 "itertools",
]

[[package]]
name = "ac_2022_8"
version = "0.1.0"
dependencies = [
 "advent_of_code_util",
 "itertools",
]

[[package]]
name = "ac_2022_9"
version = "0.1.0"
dependencies = [
 "advent_of_code_util",
 "itertools",
]

[[package]]
name = "ac_2023_1"
version = "0.1.0"
dependencies = [
 "advent_of_code_util",
 "itertools",
]

[[package]]
name = "ac_2023_10"
version = "0.1.0"
dependencies = [
 "advent_of_code_util",
 "itertools",
]

[[package]]
name = "ac_2023_11"
version = "0.1.0"
dependencies = [
 "advent_of_code_util",
 "itertools",
]

[[package]]
name = "ac_2023_12"
version = "0.1.0"
dependencies = [
 "advent_of_code_util",
 "itertools",
]

[[package]]
name = "ac_2023_13"
version = "0.1.0"
dependencies = [
 "advent_of_code_util",
 "itertools",
]

[[package]]
name = "ac_2023_14"
version = "0.1.0"
dependencies = [
 "advent_of_code_util",
 "itertools",
]

[[package]]
name = "ac_2023_15"
version = "0.1.0"
dependencies = [
 "advent_of_code_util",
 "itertools",
]

[[package]]
name = "ac_2023_16"
version = "0.1.0"
dependencies = [
 "advent_of_code_util",
 "itertools",
]

[[package]]
name = "ac_2023_17"
version = "0.1.0"
dependencies = [
 "advent_of_code_util",
 "itertools",
]

[[package]]
name = "ac_2023_18"
version = "0.1.0"
dependencies = [
 "advent_of_code_util",
 "itertools",
]

[[package]]
name = "ac_2023_19"
version = "0.1.0"
dependencies = [
 "advent_of_code_util",
 "itertools",
]

[[package]]
name = "ac_2023_2"
version = "0.1.0"
dependencies = [
 "advent_of_code_util",
 "itertools",
]

[[package]]
name = "ac_2023_20"
version = "0.1.0"
dependencies = [
 "advent_of_code_util",
 "itertools",
]

[[package]]
name = "ac_2023_3"
version = "0.1.0"
dependencies = [
 "advent_of_code_util",
 "itertools",
 "regex",
]

[[package]]
name = "ac_2023_4"
version = "0.1.0"
dependencies = [
 "advent_of_code_util",
 "itertools",
]

[[package]]
name = "ac_2023_5"
version = "0.1.0"
dependencies = [
 "advent_of_code_util",
 "itertools",
]

[[package]]
name = "ac_2023_6"
version = "0.1.0"
dependencies = [
 "advent_of_code_util",
 "itertools",
]

[[package]]
name = "ac_2023_7"
version = "0.1.0"
dependencies = [
 "advent_of_code_util",
 "itertools",
]

[[package]]
name = "ac_2023_8"
version = "0.1.0"
dependencies = [
 "advent_of_code_util",
 "itertools",
 "regex",
]

[[package]]
name = "ac_2023_9"
version = "0.1.0"
dependencies = [
 "advent_of_code_util",
 "itertools",
]

[[package]]
name = "advent_of_code_util"
version = "0.1.0"
dependencies = [
 "itertools",
]

[[package]]
name = "aho-corasick"
version = "0.7.18"
source = "registry+https://github.com/rust-lang/crates.io-index"
checksum = "1e37cfd5e7657ada45f742d6e99ca5788580b5c529dc78faf11ece6dc702656f"
dependencies = [
 "memchr",
]

[[package]]
name = "either"
version = "1.6.1"
source = "registry+https://github.com/rust-lang/crates.io-index"
checksum = "e78d4f1cc4ae33bbfc157ed5d5a5ef3bc29227303d595861deb238fcec4e9457"

[[package]]
name = "itertools"
version = "0.10.3"
source = "registry+https://github.com/rust-lang/crates.io-index"
checksum = "a9a9d19fa1e79b6215ff29b9d6880b706147f16e9b1dbb1e4e5947b5b02bc5e3"
dependencies = [
 "either",
]

[[package]]
name = "itoa"
version = "1.0.4"
source = "registry+https://github.com/rust-lang/crates.io-index"
checksum = "4217ad341ebadf8d8e724e264f13e593e0648f5b3e94b3896a5df283be015ecc"

[[package]]
name = "memchr"
version = "2.4.1"
source = "registry+https://github.com/rust-lang/crates.io-index"
checksum = "308cc39be01b73d0d18f82a0e7b2a3df85245f84af96fdddc5d202d27e47b86a"

[[package]]
name = "proc-macro2"
version = "1.0.47"
source = "registry+https://github.com/rust-lang/crates.io-index"
checksum = "5ea3d908b0e36316caf9e9e2c4625cdde190a7e6f440d794667ed17a1855e725"
dependencies = [
 "unicode-ident",
]

[[package]]
name = "quote"
version = "1.0.21"
source = "registry+https://github.com/rust-lang/crates.io-index"
checksum = "bbe448f377a7d6961e30f5955f9b8d106c3f5e449d493ee1b125c1d43c2b5179"
dependencies = [
 "proc-macro2",
]

[[package]]
name = "regex"
version = "1.7.0"
source = "registry+https://github.com/rust-lang/crates.io-index"
checksum = "e076559ef8e241f2ae3479e36f97bd5741c0330689e217ad51ce2c76808b868a"
dependencies = [
 "aho-corasick",
 "memchr",
 "regex-syntax",
]

[[package]]
name = "regex-syntax"
version = "0.6.28"
source = "registry+https://github.com/rust-lang/crates.io-index"
checksum = "456c603be3e8d448b072f410900c09faf164fbce2d480456f50eea6e25f9c848"

[[package]]
name = "ryu"
version = "1.0.11"
source = "registry+https://github.com/rust-lang/crates.io-index"
checksum = "4501abdff3ae82a1c1b477a17252eb69cee9e66eb915c1abaa4f44d873df9f09"

[[package]]
name = "serde"
version = "1.0.150"
source = "registry+https://github.com/rust-lang/crates.io-index"
checksum = "e326c9ec8042f1b5da33252c8a37e9ffbd2c9bef0155215b6e6c80c790e05f91"
dependencies = [
 "serde_derive",
]

[[package]]
name = "serde_derive"
version = "1.0.150"
source = "registry+https://github.com/rust-lang/crates.io-index"
checksum = "42a3df25b0713732468deadad63ab9da1f1fd75a48a15024b50363f128db627e"
dependencies = [
 "proc-macro2",
 "quote",
 "syn",
]

[[package]]
name = "serde_json"
version = "1.0.89"
source = "registry+https://github.com/rust-lang/crates.io-index"
checksum = "020ff22c755c2ed3f8cf162dbb41a7268d934702f3ed3631656ea597e08fc3db"
dependencies = [
 "itoa",
 "ryu",
 "serde",
]

[[package]]
name = "syn"
version = "1.0.105"
source = "registry+https://github.com/rust-lang/crates.io-index"
checksum = "60b9b43d45702de4c839cb9b51d9f529c5dd26a4aff255b42b1ebc03e88ee908"
dependencies = [
 "proc-macro2",
 "quote",
 "unicode-ident",
]

[[package]]
name = "unicode-ident"
version = "1.0.5"
source = "registry+https://github.com/rust-lang/crates.io-index"
checksum = "6ceab39d59e4c9499d4e5a8ee0e2735b891bb7308ac83dfb4e80cad195c9f6f3"
