# This file is automatically @generated by Cargo.
# It is not intended for manual editing.
version = 3

[[package]]
name = "ac_2021_1"
version = "0.1.0"
dependencies = [
 "advent_of_code_util",
]

[[package]]
name = "ac_2021_10"
version = "0.1.0"
dependencies = [
 "advent_of_code_util",
]

[[package]]
name = "ac_2021_2"
version = "0.1.0"
dependencies = [
 "advent_of_code_util",
]

[[package]]
name = "ac_2021_3"
version = "0.1.0"
dependencies = [
 "advent_of_code_util",
]

[[package]]
name = "ac_2021_4"
version = "0.1.0"
dependencies = [
 "advent_of_code_util",
]

[[package]]
name = "ac_2021_5"
version = "0.1.0"
dependencies = [
 "advent_of_code_util",
]

[[package]]
name = "ac_2021_6"
version = "0.1.0"
dependencies = [
 "advent_of_code_util",
]

[[package]]
name = "ac_2021_7"
version = "0.1.0"
dependencies = [
 "advent_of_code_util",
]

[[package]]
name = "ac_2021_8"
version = "0.1.0"
dependencies = [
 "advent_of_code_util",
]

[[package]]
name = "ac_2021_9"
version = "0.1.0"
dependencies = [
 "advent_of_code_util",
]

[[package]]
name = "advent_of_code_util"
version = "0.1.0"
