# This file is automatically @generated by Cargo.
# It is not intended for manual editing.
version = 3

[[package]]
name = "ac1"
version = "0.1.0"
dependencies = [
 "advent_of_code_util",
]

[[package]]
name = "ac2"
version = "0.1.0"
dependencies = [
 "advent_of_code_util",
]

[[package]]
name = "ac3"
version = "0.1.0"
dependencies = [
 "advent_of_code_util",
]

[[package]]
name = "ac4"
version = "0.1.0"
dependencies = [
 "advent_of_code_util",
]

[[package]]
name = "ac5"
version = "0.1.0"
dependencies = [
 "advent_of_code_util",
]

[[package]]
name = "ac6"
version = "0.1.0"
dependencies = [
 "advent_of_code_util",
]

[[package]]
name = "ac7"
version = "0.1.0"
dependencies = [
 "advent_of_code_util",
]

[[package]]
name = "ac8"
version = "0.1.0"
dependencies = [
 "advent_of_code_util",
]

[[package]]
name = "ac9"
version = "0.1.0"
dependencies = [
 "advent_of_code_util",
]

[[package]]
name = "advent_of_code_util"
version = "0.1.0"
